
Microsoft Visual Studio Solution File, Format Version 12.00
# Visual Studio Version 17
VisualStudioVersion = 17.3.32929.385
MinimumVisualStudioVersion = 10.0.40219.1
Project("{2150E333-8FDC-42A3-9474-1A3956D46DE8}") = "src", "src", "{8C67EEA0-F82C-4735-A6F8-25C9F3F44554}"
EndProject
Project("{2150E333-8FDC-42A3-9474-1A3956D46DE8}") = "tests", "tests", "{C9D6DF5B-DBA4-49FB-BC45-3B3C24F2A665}"
EndProject
Project("{9A19103F-16F7-4668-BE54-9A1E7A4F7556}") = "Domain", "Domain\Domain.csproj", "{3C20FD61-E952-44EE-B4C6-A52E669FA1AB}"
EndProject
Project("{FAE04EC0-301F-11D3-BF4B-00C04F79EFBC}") = "Application", "Application\Application.csproj", "{74315138-3074-4144-9EE8-604446E05050}"
EndProject
Global
	GlobalSection(SolutionConfigurationPlatforms) = preSolution
		Debug|Any CPU = Debug|Any CPU
		Release|Any CPU = Release|Any CPU
	EndGlobalSection
	GlobalSection(ProjectConfigurationPlatforms) = postSolution
		{3C20FD61-E952-44EE-B4C6-A52E669FA1AB}.Debug|Any CPU.ActiveCfg = Debug|Any CPU
		{3C20FD61-E952-44EE-B4C6-A52E669FA1AB}.Debug|Any CPU.Build.0 = Debug|Any CPU
		{3C20FD61-E952-44EE-B4C6-A52E669FA1AB}.Release|Any CPU.ActiveCfg = Release|Any CPU
		{3C20FD61-E952-44EE-B4C6-A52E669FA1AB}.Release|Any CPU.Build.0 = Release|Any CPU
		{74315138-3074-4144-9EE8-604446E05050}.Debug|Any CPU.ActiveCfg = Debug|Any CPU
		{74315138-3074-4144-9EE8-604446E05050}.Debug|Any CPU.Build.0 = Debug|Any CPU
		{74315138-3074-4144-9EE8-604446E05050}.Release|Any CPU.ActiveCfg = Release|Any CPU
		{74315138-3074-4144-9EE8-604446E05050}.Release|Any CPU.Build.0 = Release|Any CPU
	EndGlobalSection
	GlobalSection(SolutionProperties) = preSolution
		HideSolutionNode = FALSE
	EndGlobalSection
	GlobalSection(NestedProjects) = preSolution
		{3C20FD61-E952-44EE-B4C6-A52E669FA1AB} = {8C67EEA0-F82C-4735-A6F8-25C9F3F44554}
		{74315138-3074-4144-9EE8-604446E05050} = {8C67EEA0-F82C-4735-A6F8-25C9F3F44554}
	EndGlobalSection
	GlobalSection(ExtensibilityGlobals) = postSolution
		SolutionGuid = {612712A8-E8DB-464A-9995-723EA99A17B3}
	EndGlobalSection
EndGlobal
